
Microsoft Visual Studio Solution File, Format Version 12.00
# Visual Studio Version 16
VisualStudioVersion = 16.0.30907.101
MinimumVisualStudioVersion = 10.0.40219.1
Project("{9A19103F-16F7-4668-BE54-9A1E7A4F7556}") = "DevCars.API", "DevCars.API\DevCars.API.csproj", "{E56DDB1A-EA05-4875-B548-0A8C98D847FB}"
EndProject
Project("{FAE04EC0-301F-11D3-BF4B-00C04F79EFBC}") = "DevCars.Domain", "DevCars.Domain\DevCars.Domain.csproj", "{2CAA0047-AA53-4A18-99A0-AB9B8B779E46}"
EndProject
Project("{FAE04EC0-301F-11D3-BF4B-00C04F79EFBC}") = "DevCars.Infrastructure", "DevCars.Infrastructure\DevCars.Infrastructure.csproj", "{27773DEC-D9D8-4DA7-8225-3FD7D8EE1BC5}"
EndProject
Project("{FAE04EC0-301F-11D3-BF4B-00C04F79EFBC}") = "DevCars.Application", "DevCars.Application\DevCars.Application.csproj", "{DFF5E541-BBAC-4BDE-819F-529672AA0080}"
EndProject
Global
	GlobalSection(SolutionConfigurationPlatforms) = preSolution
		Debug|Any CPU = Debug|Any CPU
		Release|Any CPU = Release|Any CPU
	EndGlobalSection
	GlobalSection(ProjectConfigurationPlatforms) = postSolution
		{E56DDB1A-EA05-4875-B548-0A8C98D847FB}.Debug|Any CPU.ActiveCfg = Debug|Any CPU
		{E56DDB1A-EA05-4875-B548-0A8C98D847FB}.Debug|Any CPU.Build.0 = Debug|Any CPU
		{E56DDB1A-EA05-4875-B548-0A8C98D847FB}.Release|Any CPU.ActiveCfg = Release|Any CPU
		{E56DDB1A-EA05-4875-B548-0A8C98D847FB}.Release|Any CPU.Build.0 = Release|Any CPU
		{2CAA0047-AA53-4A18-99A0-AB9B8B779E46}.Debug|Any CPU.ActiveCfg = Debug|Any CPU
		{2CAA0047-AA53-4A18-99A0-AB9B8B779E46}.Debug|Any CPU.Build.0 = Debug|Any CPU
		{2CAA0047-AA53-4A18-99A0-AB9B8B779E46}.Release|Any CPU.ActiveCfg = Release|Any CPU
		{2CAA0047-AA53-4A18-99A0-AB9B8B779E46}.Release|Any CPU.Build.0 = Release|Any CPU
		{27773DEC-D9D8-4DA7-8225-3FD7D8EE1BC5}.Debug|Any CPU.ActiveCfg = Debug|Any CPU
		{27773DEC-D9D8-4DA7-8225-3FD7D8EE1BC5}.Debug|Any CPU.Build.0 = Debug|Any CPU
		{27773DEC-D9D8-4DA7-8225-3FD7D8EE1BC5}.Release|Any CPU.ActiveCfg = Release|Any CPU
		{27773DEC-D9D8-4DA7-8225-3FD7D8EE1BC5}.Release|Any CPU.Build.0 = Release|Any CPU
		{DFF5E541-BBAC-4BDE-819F-529672AA0080}.Debug|Any CPU.ActiveCfg = Debug|Any CPU
		{DFF5E541-BBAC-4BDE-819F-529672AA0080}.Debug|Any CPU.Build.0 = Debug|Any CPU
		{DFF5E541-BBAC-4BDE-819F-529672AA0080}.Release|Any CPU.ActiveCfg = Release|Any CPU
		{DFF5E541-BBAC-4BDE-819F-529672AA0080}.Release|Any CPU.Build.0 = Release|Any CPU
	EndGlobalSection
	GlobalSection(SolutionProperties) = preSolution
		HideSolutionNode = FALSE
	EndGlobalSection
	GlobalSection(ExtensibilityGlobals) = postSolution
		SolutionGuid = {30A050ED-5E13-426A-B92C-EF95A5AD3A09}
	EndGlobalSection
EndGlobal
