
Microsoft Visual Studio Solution File, Format Version 12.00
# Visual Studio Version 16
VisualStudioVersion = 16.0.30907.101
MinimumVisualStudioVersion = 10.0.40219.1
Project("{FAE04EC0-301F-11D3-BF4B-00C04F79EFBC}") = "DevCars.API", "DevCars.API\DevCars.API.csproj", "{E56DDB1A-EA05-4875-B548-0A8C98D847FB}"
EndProject
Global
	GlobalSection(SolutionConfigurationPlatforms) = preSolution
		Debug|Any CPU = Debug|Any CPU
		Release|Any CPU = Release|Any CPU
	EndGlobalSection
	GlobalSection(ProjectConfigurationPlatforms) = postSolution
		{E56DDB1A-EA05-4875-B548-0A8C98D847FB}.Debug|Any CPU.ActiveCfg = Debug|Any CPU
		{E56DDB1A-EA05-4875-B548-0A8C98D847FB}.Debug|Any CPU.Build.0 = Debug|Any CPU
		{E56DDB1A-EA05-4875-B548-0A8C98D847FB}.Release|Any CPU.ActiveCfg = Release|Any CPU
		{E56DDB1A-EA05-4875-B548-0A8C98D847FB}.Release|Any CPU.Build.0 = Release|Any CPU
	EndGlobalSection
	GlobalSection(SolutionProperties) = preSolution
		HideSolutionNode = FALSE
	EndGlobalSection
	GlobalSection(ExtensibilityGlobals) = postSolution
		SolutionGuid = {30A050ED-5E13-426A-B92C-EF95A5AD3A09}
	EndGlobalSection
EndGlobal
